
Microsoft Visual Studio Solution File, Format Version 12.00
# Visual Studio Version 16
VisualStudioVersion = 16.0.29613.14
MinimumVisualStudioVersion = 10.0.40219.1
Project("{FAE04EC0-301F-11D3-BF4B-00C04F79EFBC}") = "exonexception", "exonexception.csproj", "{6C2C04D6-48B8-4FE3-AE40-E6B0A8A44753}"
EndProject
Global
	GlobalSection(SolutionConfigurationPlatforms) = preSolution
		Debug|Any CPU = Debug|Any CPU
		Release|Any CPU = Release|Any CPU
	EndGlobalSection
	GlobalSection(ProjectConfigurationPlatforms) = postSolution
		{6C2C04D6-48B8-4FE3-AE40-E6B0A8A44753}.Debug|Any CPU.ActiveCfg = Debug|Any CPU
		{6C2C04D6-48B8-4FE3-AE40-E6B0A8A44753}.Debug|Any CPU.Build.0 = Debug|Any CPU
		{6C2C04D6-48B8-4FE3-AE40-E6B0A8A44753}.Release|Any CPU.ActiveCfg = Release|Any CPU
		{6C2C04D6-48B8-4FE3-AE40-E6B0A8A44753}.Release|Any CPU.Build.0 = Release|Any CPU
	EndGlobalSection
	GlobalSection(SolutionProperties) = preSolution
		HideSolutionNode = FALSE
	EndGlobalSection
	GlobalSection(ExtensibilityGlobals) = postSolution
		SolutionGuid = {DAC87F20-2A74-4012-9BA9-9997CF99F87C}
	EndGlobalSection
EndGlobal
